# @generated - this file is auto-generated by `mise lock` https://mise.jdx.dev/dev-tools/mise-lock.html

lockfile_version = 1

[[tools.hugo]]
version = "0.165.0"
backend = "aqua:gohugoio/hugo"
specifiers = ["0.165.0"]

[tools.hugo."platforms.linux-arm64"]
checksum = "sha256:65c9fdd75e82d5f1eaf565f6e9fede6c0ceecaa267798e10c73068986996b77d"
url = "https://github.com/gohugoio/hugo/releases/download/v0.165.0/hugo_0.165.0_linux-arm64.tar.gz"
url_api = "https://api.github.com/repos/gohugoio/hugo/releases/assets/511697401"

[tools.hugo."platforms.linux-arm64-musl"]
checksum = "sha256:65c9fdd75e82d5f1eaf565f6e9fede6c0ceecaa267798e10c73068986996b77d"
url = "https://github.com/gohugoio/hugo/releases/download/v0.165.0/hugo_0.165.0_linux-arm64.tar.gz"
url_api = "https://api.github.com/repos/gohugoio/hugo/releases/assets/511697401"

[tools.hugo."platforms.linux-x64"]
checksum = "sha256:5c3a37a5450b3e386e5b75a87a790fea2d04a796d75e171216c80ef48a32b432"
url = "https://github.com/gohugoio/hugo/releases/download/v0.165.0/hugo_0.165.0_linux-amd64.tar.gz"
url_api = "https://api.github.com/repos/gohugoio/hugo/releases/assets/511697404"

[tools.hugo."platforms.linux-x64-musl"]
checksum = "sha256:5c3a37a5450b3e386e5b75a87a790fea2d04a796d75e171216c80ef48a32b432"
url = "https://github.com/gohugoio/hugo/releases/download/v0.165.0/hugo_0.165.0_linux-amd64.tar.gz"
url_api = "https://api.github.com/repos/gohugoio/hugo/releases/assets/511697404"

[tools.hugo."platforms.macos-arm64"]
checksum = "sha256:10ea75335975a13d0e73ac298402179335c55fa4e99d1687452d9cfa70b30d16"
url = "https://github.com/gohugoio/hugo/releases/download/v0.165.0/hugo_0.165.0_darwin-universal.pkg"
url_api = "https://api.github.com/repos/gohugoio/hugo/releases/assets/511697483"

[tools.hugo."platforms.macos-x64"]
checksum = "sha256:10ea75335975a13d0e73ac298402179335c55fa4e99d1687452d9cfa70b30d16"
url = "https://github.com/gohugoio/hugo/releases/download/v0.165.0/hugo_0.165.0_darwin-universal.pkg"
url_api = "https://api.github.com/repos/gohugoio/hugo/releases/assets/511697483"

[tools.hugo."platforms.windows-x64"]
checksum = "sha256:bdd9cc7837a42389067b2d0df7858d5878ceddef21307c2dd27fa10885fbbcf9"
url = "https://github.com/gohugoio/hugo/releases/download/v0.165.0/hugo_0.165.0_windows-amd64.zip"
url_api = "https://api.github.com/repos/gohugoio/hugo/releases/assets/511697493"

[[tools.zizmor]]
version = "1.30.0"
backend = "aqua:zizmorcore/zizmor"
specifiers = ["1.30.0"]

[tools.zizmor."platforms.linux-arm64"]
checksum = "sha256:018a024d6b6d09733b07f6ef42838d984c23ec04bc9b2acd55f7d67826aeafe5"
url = "https://github.com/zizmorcore/zizmor/releases/download/v1.30.0/zizmor-aarch64-unknown-linux-gnu.tar.gz"
url_api = "https://api.github.com/repos/zizmorcore/zizmor/releases/assets/537081734"
provenance = "github-attestations"

[tools.zizmor."platforms.linux-arm64-musl"]
provenance = "github-attestations"

[tools.zizmor."platforms.linux-x64"]
checksum = "sha256:ec8c95cd800845abb9bbc5f377ec7c57d2eb8e2386a00a201d3a74ee4092e5ed"
url = "https://github.com/zizmorcore/zizmor/releases/download/v1.30.0/zizmor-x86_64-unknown-linux-gnu.tar.gz"
url_api = "https://api.github.com/repos/zizmorcore/zizmor/releases/assets/537081732"
provenance = "github-attestations"

[tools.zizmor."platforms.linux-x64-musl"]
provenance = "github-attestations"

[tools.zizmor."platforms.macos-arm64"]
checksum = "sha256:c9c5d83730efb86f2cd71b487605c00a4d63903e4f9458485ed5eac3b1924ab1"
url = "https://github.com/zizmorcore/zizmor/releases/download/v1.30.0/zizmor-aarch64-apple-darwin.tar.gz"
url_api = "https://api.github.com/repos/zizmorcore/zizmor/releases/assets/537081737"
provenance = "github-attestations"

[tools.zizmor."platforms.macos-x64"]
checksum = "sha256:343c85c8f709edf14bf3c8781d53574975ecbb2d23c80ed1eab4932ab0a72343"
url = "https://github.com/zizmorcore/zizmor/releases/download/v1.30.0/zizmor-x86_64-apple-darwin.tar.gz"
url_api = "https://api.github.com/repos/zizmorcore/zizmor/releases/assets/537081736"
provenance = "github-attestations"

[tools.zizmor."platforms.windows-x64"]
checksum = "sha256:a2fcf298b84d3d8498a3d718bb63f0abe26823bf68a11f0f439620f8f2f878f0"
url = "https://github.com/zizmorcore/zizmor/releases/download/v1.30.0/zizmor-x86_64-pc-windows-msvc.zip"
url_api = "https://api.github.com/repos/zizmorcore/zizmor/releases/assets/537081735"
provenance = "github-attestations"
