# @generated - this file is auto-generated by `mise lock` https://mise.jdx.dev/dev-tools/mise-lock.html

lockfile_version = 1

[[tools.hugo]]
version = "0.167.0"
backend = "aqua:gohugoio/hugo"
specifiers = ["0.167.0"]

[tools.hugo."platforms.linux-arm64"]
checksum = "sha256:d0dd0d1ed249842525a93413e10ca1ef6f3b63311ee1695b16a0ce488142cec1"
url = "https://github.com/gohugoio/hugo/releases/download/v0.167.0/hugo_0.167.0_linux-arm64.tar.gz"
url_api = "https://api.github.com/repos/gohugoio/hugo/releases/assets/595700428"

[tools.hugo."platforms.linux-arm64-musl"]
checksum = "sha256:d0dd0d1ed249842525a93413e10ca1ef6f3b63311ee1695b16a0ce488142cec1"
url = "https://github.com/gohugoio/hugo/releases/download/v0.167.0/hugo_0.167.0_linux-arm64.tar.gz"
url_api = "https://api.github.com/repos/gohugoio/hugo/releases/assets/595700428"

[tools.hugo."platforms.linux-x64"]
checksum = "sha256:4d84519b9f619e6d4c3fb45a50157abeabeb724f859c60605f44c23def6e1169"
url = "https://github.com/gohugoio/hugo/releases/download/v0.167.0/hugo_0.167.0_linux-amd64.tar.gz"
url_api = "https://api.github.com/repos/gohugoio/hugo/releases/assets/595700433"

[tools.hugo."platforms.linux-x64-musl"]
checksum = "sha256:4d84519b9f619e6d4c3fb45a50157abeabeb724f859c60605f44c23def6e1169"
url = "https://github.com/gohugoio/hugo/releases/download/v0.167.0/hugo_0.167.0_linux-amd64.tar.gz"
url_api = "https://api.github.com/repos/gohugoio/hugo/releases/assets/595700433"

[tools.hugo."platforms.macos-arm64"]
checksum = "sha256:175d03751f836ddf9097053e85f970371c7e6231921f73f6ad79e2a86ed9248c"
url = "https://github.com/gohugoio/hugo/releases/download/v0.167.0/hugo_0.167.0_darwin-universal.pkg"
url_api = "https://api.github.com/repos/gohugoio/hugo/releases/assets/595700588"

[tools.hugo."platforms.macos-x64"]
checksum = "sha256:175d03751f836ddf9097053e85f970371c7e6231921f73f6ad79e2a86ed9248c"
url = "https://github.com/gohugoio/hugo/releases/download/v0.167.0/hugo_0.167.0_darwin-universal.pkg"
url_api = "https://api.github.com/repos/gohugoio/hugo/releases/assets/595700588"

[tools.hugo."platforms.windows-x64"]
checksum = "sha256:f5ed1983b4373e719434cd721bf931907dec8ad33a891a6912903e93cfdcce98"
url = "https://github.com/gohugoio/hugo/releases/download/v0.167.0/hugo_0.167.0_windows-amd64.zip"
url_api = "https://api.github.com/repos/gohugoio/hugo/releases/assets/595700601"

[[tools.zizmor]]
version = "1.30.1"
backend = "aqua:zizmorcore/zizmor"
specifiers = ["1.30.1"]

[tools.zizmor."platforms.linux-arm64"]
checksum = "sha256:7ff1dce33bdd18fd2a4affe63bdd47efcccca97b2cec1c1863ec26e9e2647540"
url = "https://github.com/zizmorcore/zizmor/releases/download/v1.30.1/zizmor-aarch64-unknown-linux-gnu.tar.gz"
url_api = "https://api.github.com/repos/zizmorcore/zizmor/releases/assets/552067643"
provenance = "github-attestations"

[tools.zizmor."platforms.linux-arm64-musl"]
provenance = "github-attestations"

[tools.zizmor."platforms.linux-x64"]
checksum = "sha256:e65324f4430c2717591937edcec90ccbefaf14c174f8ec9415e03ca875b46e1a"
url = "https://github.com/zizmorcore/zizmor/releases/download/v1.30.1/zizmor-x86_64-unknown-linux-gnu.tar.gz"
url_api = "https://api.github.com/repos/zizmorcore/zizmor/releases/assets/552067642"
provenance = "github-attestations"

[tools.zizmor."platforms.linux-x64-musl"]
provenance = "github-attestations"

[tools.zizmor."platforms.macos-arm64"]
checksum = "sha256:e28d22b087f9ebb8d99da6e740d348c930f559961c7c3f12badda54f882195a2"
url = "https://github.com/zizmorcore/zizmor/releases/download/v1.30.1/zizmor-aarch64-apple-darwin.tar.gz"
url_api = "https://api.github.com/repos/zizmorcore/zizmor/releases/assets/552067640"
provenance = "github-attestations"

[tools.zizmor."platforms.macos-x64"]
checksum = "sha256:10e6b18b11ea07e515a16f0f0518c7b07527bc9977c1fd5698181ce7f3554202"
url = "https://github.com/zizmorcore/zizmor/releases/download/v1.30.1/zizmor-x86_64-apple-darwin.tar.gz"
url_api = "https://api.github.com/repos/zizmorcore/zizmor/releases/assets/552067641"
provenance = "github-attestations"

[tools.zizmor."platforms.windows-x64"]
checksum = "sha256:b183b1e996eddfab9659f1e9b46e059f1ef1cf984a1f14e5da09f7876a4b3a1c"
url = "https://github.com/zizmorcore/zizmor/releases/download/v1.30.1/zizmor-x86_64-pc-windows-msvc.zip"
url_api = "https://api.github.com/repos/zizmorcore/zizmor/releases/assets/552067645"
provenance = "github-attestations"
